
Microsoft Visual Studio Solution File, Format Version 12.00
# Visual Studio 15
VisualStudioVersion = 15.0.27004.2008
MinimumVisualStudioVersion = 10.0.40219.1
Project("{9092AA53-FB77-4645-B42D-1CCCA6BD08BD}") = "tetris1", "tetris1.njsproj", "{62040634-DB4C-4D7E-8A0F-D1FDF1DDBFC1}"
EndProject
Global
	GlobalSection(SolutionConfigurationPlatforms) = preSolution
		Debug|Any CPU = Debug|Any CPU
		Release|Any CPU = Release|Any CPU
	EndGlobalSection
	GlobalSection(ProjectConfigurationPlatforms) = postSolution
		{62040634-DB4C-4D7E-8A0F-D1FDF1DDBFC1}.Debug|Any CPU.ActiveCfg = Debug|Any CPU
		{62040634-DB4C-4D7E-8A0F-D1FDF1DDBFC1}.Debug|Any CPU.Build.0 = Debug|Any CPU
		{62040634-DB4C-4D7E-8A0F-D1FDF1DDBFC1}.Release|Any CPU.ActiveCfg = Release|Any CPU
		{62040634-DB4C-4D7E-8A0F-D1FDF1DDBFC1}.Release|Any CPU.Build.0 = Release|Any CPU
	EndGlobalSection
	GlobalSection(SolutionProperties) = preSolution
		HideSolutionNode = FALSE
	EndGlobalSection
	GlobalSection(ExtensibilityGlobals) = postSolution
		SolutionGuid = {78BEA72F-4CAB-41DB-A7B5-E8804C080E69}
	EndGlobalSection
EndGlobal
